%{
  "global_flags": {:hex, :global_flags, "1.0.0", "ee6b864979a1fb38d1fbc67838565644baf632212bce864adca21042df036433", [:rebar3], [], "hexpm"},
  "hlclock": {:hex, :hlclock, "1.0.0", "7a72fc7a20a9382499216227edf97a8b118e21fc3fcad0e81b8d10c616ce1431", [:mix], [], "hexpm"},
  "local_cluster": {:hex, :local_cluster, "1.1.0", "a2a0e3e965aa1549939108066bfa537ce89f0107917f5b0260153e2fdb304116", [:mix], [{:global_flags, "~> 1.0", [hex: :global_flags, repo: "hexpm", optional: false]}], "hexpm"},
  "schism": {:hex, :schism, "1.0.1", "b700883b4023b06faa5ab4add3aba5706877feb0a3dcfe8127b5dfeefe2513a5", [:mix], [], "hexpm"},
}
